
Microsoft Visual Studio Solution File, Format Version 12.00
# Visual Studio 15
VisualStudioVersion = 15.0.25807.0
MinimumVisualStudioVersion = 10.0.40219.1
Project("{2150E333-8FDC-42A3-9474-1A3956D46DE8}") = "Engine", "Engine", "{34CF4394-7DC3-4914-A05B-4D1F5572019E}"
EndProject
Project("{2150E333-8FDC-42A3-9474-1A3956D46DE8}") = "Games", "Games", "{43DCFA22-241A-43E6-BC0E-B01E3334D4BF}"
EndProject
Project("{8BC9CEB8-8B4A-11D0-8D11-00A0C91BC942}") = "UE4", "Intermediate\ProjectFiles\UE4.vcxproj", "{BBEBA460-3B8A-4B8C-A18E-B7C11CCE80C1}"
EndProject
Project("{8BC9CEB8-8B4A-11D0-8D11-00A0C91BC942}") = "OceanBoats", "Intermediate\ProjectFiles\OceanBoats.vcxproj", "{CCEBFC53-6E13-434C-800D-739893C08241}"
EndProject
Project("{2150E333-8FDC-42A3-9474-1A3956D46DE8}") = "Visualizers", "Visualizers", "{ED5CEE17-8665-46F3-B4E6-79FF9FA592A4}"
	ProjectSection(SolutionItems) = preProject
		..\OceanEngine\Engine\Extras\VisualStudioDebugging\UE4.natvis = ..\OceanEngine\Engine\Extras\VisualStudioDebugging\UE4.natvis
	EndProjectSection
EndProject
Global
	GlobalSection(SolutionConfigurationPlatforms) = preSolution
		DebugGame Editor|Win32 = DebugGame Editor|Win32
		DebugGame Editor|Win64 = DebugGame Editor|Win64
		DebugGame|Win32 = DebugGame|Win32
		DebugGame|Win64 = DebugGame|Win64
		Development Editor|Win32 = Development Editor|Win32
		Development Editor|Win64 = Development Editor|Win64
		Development|Win32 = Development|Win32
		Development|Win64 = Development|Win64
		Shipping|Win32 = Shipping|Win32
		Shipping|Win64 = Shipping|Win64
	EndGlobalSection
	GlobalSection(ProjectConfigurationPlatforms) = postSolution
		{BBEBA460-3B8A-4B8C-A18E-B7C11CCE80C1}.DebugGame Editor|Win32.ActiveCfg = BuiltWithUnrealBuildTool|Win32
		{BBEBA460-3B8A-4B8C-A18E-B7C11CCE80C1}.DebugGame Editor|Win64.ActiveCfg = BuiltWithUnrealBuildTool|Win32
		{BBEBA460-3B8A-4B8C-A18E-B7C11CCE80C1}.DebugGame|Win32.ActiveCfg = BuiltWithUnrealBuildTool|Win32
		{BBEBA460-3B8A-4B8C-A18E-B7C11CCE80C1}.DebugGame|Win64.ActiveCfg = BuiltWithUnrealBuildTool|Win32
		{BBEBA460-3B8A-4B8C-A18E-B7C11CCE80C1}.Development Editor|Win32.ActiveCfg = BuiltWithUnrealBuildTool|Win32
		{BBEBA460-3B8A-4B8C-A18E-B7C11CCE80C1}.Development Editor|Win64.ActiveCfg = BuiltWithUnrealBuildTool|Win32
		{BBEBA460-3B8A-4B8C-A18E-B7C11CCE80C1}.Development|Win32.ActiveCfg = BuiltWithUnrealBuildTool|Win32
		{BBEBA460-3B8A-4B8C-A18E-B7C11CCE80C1}.Development|Win64.ActiveCfg = BuiltWithUnrealBuildTool|Win32
		{BBEBA460-3B8A-4B8C-A18E-B7C11CCE80C1}.Shipping|Win32.ActiveCfg = BuiltWithUnrealBuildTool|Win32
		{BBEBA460-3B8A-4B8C-A18E-B7C11CCE80C1}.Shipping|Win64.ActiveCfg = BuiltWithUnrealBuildTool|Win32
		{CCEBFC53-6E13-434C-800D-739893C08241}.DebugGame Editor|Win32.ActiveCfg = Invalid|Win32
		{CCEBFC53-6E13-434C-800D-739893C08241}.DebugGame Editor|Win64.ActiveCfg = DebugGame_Editor|x64
		{CCEBFC53-6E13-434C-800D-739893C08241}.DebugGame Editor|Win64.Build.0 = DebugGame_Editor|x64
		{CCEBFC53-6E13-434C-800D-739893C08241}.DebugGame|Win32.ActiveCfg = DebugGame|Win32
		{CCEBFC53-6E13-434C-800D-739893C08241}.DebugGame|Win32.Build.0 = DebugGame|Win32
		{CCEBFC53-6E13-434C-800D-739893C08241}.DebugGame|Win64.ActiveCfg = DebugGame|x64
		{CCEBFC53-6E13-434C-800D-739893C08241}.DebugGame|Win64.Build.0 = DebugGame|x64
		{CCEBFC53-6E13-434C-800D-739893C08241}.Development Editor|Win32.ActiveCfg = Invalid|Win32
		{CCEBFC53-6E13-434C-800D-739893C08241}.Development Editor|Win64.ActiveCfg = Development_Editor|x64
		{CCEBFC53-6E13-434C-800D-739893C08241}.Development Editor|Win64.Build.0 = Development_Editor|x64
		{CCEBFC53-6E13-434C-800D-739893C08241}.Development|Win32.ActiveCfg = Development|Win32
		{CCEBFC53-6E13-434C-800D-739893C08241}.Development|Win32.Build.0 = Development|Win32
		{CCEBFC53-6E13-434C-800D-739893C08241}.Development|Win64.ActiveCfg = Development|x64
		{CCEBFC53-6E13-434C-800D-739893C08241}.Development|Win64.Build.0 = Development|x64
		{CCEBFC53-6E13-434C-800D-739893C08241}.Shipping|Win32.ActiveCfg = Shipping|Win32
		{CCEBFC53-6E13-434C-800D-739893C08241}.Shipping|Win32.Build.0 = Shipping|Win32
		{CCEBFC53-6E13-434C-800D-739893C08241}.Shipping|Win64.ActiveCfg = Shipping|x64
		{CCEBFC53-6E13-434C-800D-739893C08241}.Shipping|Win64.Build.0 = Shipping|x64
	EndGlobalSection
	GlobalSection(SolutionProperties) = preSolution
		HideSolutionNode = FALSE
	EndGlobalSection
	GlobalSection(NestedProjects) = preSolution
		{BBEBA460-3B8A-4B8C-A18E-B7C11CCE80C1} = {34CF4394-7DC3-4914-A05B-4D1F5572019E}
		{CCEBFC53-6E13-434C-800D-739893C08241} = {43DCFA22-241A-43E6-BC0E-B01E3334D4BF}
	EndGlobalSection
EndGlobal
