
Microsoft Visual Studio Solution File, Format Version 12.00
# Visual Studio 15
VisualStudioVersion = 15.0.25807.0
MinimumVisualStudioVersion = 10.0.40219.1
Project("{2150E333-8FDC-42A3-9474-1A3956D46DE8}") = "Engine", "Engine", "{0DC88213-C30D-4849-979D-ADAEDCD99FEC}"
EndProject
Project("{2150E333-8FDC-42A3-9474-1A3956D46DE8}") = "Games", "Games", "{1EB400D3-D0C9-4E9E-B79F-02980CA5BCE3}"
EndProject
Project("{8BC9CEB8-8B4A-11D0-8D11-00A0C91BC942}") = "UE4", "Intermediate\ProjectFiles\UE4.vcxproj", "{2BB3F801-85EF-4D85-8014-B828DBA5C507}"
EndProject
Project("{8BC9CEB8-8B4A-11D0-8D11-00A0C91BC942}") = "OceanBoats", "Intermediate\ProjectFiles\OceanBoats.vcxproj", "{A6260668-2597-4933-B317-C71728AD943F}"
EndProject
Project("{2150E333-8FDC-42A3-9474-1A3956D46DE8}") = "Visualizers", "Visualizers", "{1A913EE4-F0E8-48D5-B258-05E2BF6DAF95}"
	ProjectSection(SolutionItems) = preProject
		..\..\UE_4.22\Engine\Extras\VisualStudioDebugging\UE4.natvis = ..\..\UE_4.22\Engine\Extras\VisualStudioDebugging\UE4.natvis
	EndProjectSection
EndProject
Global
	GlobalSection(SolutionConfigurationPlatforms) = preSolution
		DebugGame Editor|HTML5 = DebugGame Editor|HTML5
		DebugGame Editor|IOS = DebugGame Editor|IOS
		DebugGame Editor|Win32 = DebugGame Editor|Win32
		DebugGame Editor|Win64 = DebugGame Editor|Win64
		DebugGame|HTML5 = DebugGame|HTML5
		DebugGame|IOS = DebugGame|IOS
		DebugGame|Win32 = DebugGame|Win32
		DebugGame|Win64 = DebugGame|Win64
		Development Editor|HTML5 = Development Editor|HTML5
		Development Editor|IOS = Development Editor|IOS
		Development Editor|Win32 = Development Editor|Win32
		Development Editor|Win64 = Development Editor|Win64
		Development|HTML5 = Development|HTML5
		Development|IOS = Development|IOS
		Development|Win32 = Development|Win32
		Development|Win64 = Development|Win64
		Shipping|HTML5 = Shipping|HTML5
		Shipping|IOS = Shipping|IOS
		Shipping|Win32 = Shipping|Win32
		Shipping|Win64 = Shipping|Win64
	EndGlobalSection
	GlobalSection(ProjectConfigurationPlatforms) = postSolution
		{2BB3F801-85EF-4D85-8014-B828DBA5C507}.DebugGame Editor|HTML5.ActiveCfg = BuiltWithUnrealBuildTool|Win32
		{2BB3F801-85EF-4D85-8014-B828DBA5C507}.DebugGame Editor|IOS.ActiveCfg = BuiltWithUnrealBuildTool|Win32
		{2BB3F801-85EF-4D85-8014-B828DBA5C507}.DebugGame Editor|Win32.ActiveCfg = BuiltWithUnrealBuildTool|Win32
		{2BB3F801-85EF-4D85-8014-B828DBA5C507}.DebugGame Editor|Win64.ActiveCfg = BuiltWithUnrealBuildTool|Win32
		{2BB3F801-85EF-4D85-8014-B828DBA5C507}.DebugGame|HTML5.ActiveCfg = BuiltWithUnrealBuildTool|Win32
		{2BB3F801-85EF-4D85-8014-B828DBA5C507}.DebugGame|IOS.ActiveCfg = BuiltWithUnrealBuildTool|Win32
		{2BB3F801-85EF-4D85-8014-B828DBA5C507}.DebugGame|Win32.ActiveCfg = BuiltWithUnrealBuildTool|Win32
		{2BB3F801-85EF-4D85-8014-B828DBA5C507}.DebugGame|Win64.ActiveCfg = BuiltWithUnrealBuildTool|Win32
		{2BB3F801-85EF-4D85-8014-B828DBA5C507}.Development Editor|HTML5.ActiveCfg = BuiltWithUnrealBuildTool|Win32
		{2BB3F801-85EF-4D85-8014-B828DBA5C507}.Development Editor|IOS.ActiveCfg = BuiltWithUnrealBuildTool|Win32
		{2BB3F801-85EF-4D85-8014-B828DBA5C507}.Development Editor|Win32.ActiveCfg = BuiltWithUnrealBuildTool|Win32
		{2BB3F801-85EF-4D85-8014-B828DBA5C507}.Development Editor|Win64.ActiveCfg = BuiltWithUnrealBuildTool|Win32
		{2BB3F801-85EF-4D85-8014-B828DBA5C507}.Development|HTML5.ActiveCfg = BuiltWithUnrealBuildTool|Win32
		{2BB3F801-85EF-4D85-8014-B828DBA5C507}.Development|IOS.ActiveCfg = BuiltWithUnrealBuildTool|Win32
		{2BB3F801-85EF-4D85-8014-B828DBA5C507}.Development|Win32.ActiveCfg = BuiltWithUnrealBuildTool|Win32
		{2BB3F801-85EF-4D85-8014-B828DBA5C507}.Development|Win64.ActiveCfg = BuiltWithUnrealBuildTool|Win32
		{2BB3F801-85EF-4D85-8014-B828DBA5C507}.Shipping|HTML5.ActiveCfg = BuiltWithUnrealBuildTool|Win32
		{2BB3F801-85EF-4D85-8014-B828DBA5C507}.Shipping|IOS.ActiveCfg = BuiltWithUnrealBuildTool|Win32
		{2BB3F801-85EF-4D85-8014-B828DBA5C507}.Shipping|Win32.ActiveCfg = BuiltWithUnrealBuildTool|Win32
		{2BB3F801-85EF-4D85-8014-B828DBA5C507}.Shipping|Win64.ActiveCfg = BuiltWithUnrealBuildTool|Win32
		{A6260668-2597-4933-B317-C71728AD943F}.DebugGame Editor|HTML5.ActiveCfg = Invalid|Win32
		{A6260668-2597-4933-B317-C71728AD943F}.DebugGame Editor|IOS.ActiveCfg = Invalid|Win32
		{A6260668-2597-4933-B317-C71728AD943F}.DebugGame Editor|Win32.ActiveCfg = Invalid|Win32
		{A6260668-2597-4933-B317-C71728AD943F}.DebugGame Editor|Win64.ActiveCfg = DebugGame_Editor|x64
		{A6260668-2597-4933-B317-C71728AD943F}.DebugGame Editor|Win64.Build.0 = DebugGame_Editor|x64
		{A6260668-2597-4933-B317-C71728AD943F}.DebugGame|HTML5.ActiveCfg = DebugGame|Win32
		{A6260668-2597-4933-B317-C71728AD943F}.DebugGame|IOS.ActiveCfg = DebugGame|Win32
		{A6260668-2597-4933-B317-C71728AD943F}.DebugGame|Win32.ActiveCfg = DebugGame|Win32
		{A6260668-2597-4933-B317-C71728AD943F}.DebugGame|Win32.Build.0 = DebugGame|Win32
		{A6260668-2597-4933-B317-C71728AD943F}.DebugGame|Win64.ActiveCfg = DebugGame|x64
		{A6260668-2597-4933-B317-C71728AD943F}.DebugGame|Win64.Build.0 = DebugGame|x64
		{A6260668-2597-4933-B317-C71728AD943F}.Development Editor|HTML5.ActiveCfg = Invalid|Win32
		{A6260668-2597-4933-B317-C71728AD943F}.Development Editor|IOS.ActiveCfg = Invalid|Win32
		{A6260668-2597-4933-B317-C71728AD943F}.Development Editor|Win32.ActiveCfg = Invalid|Win32
		{A6260668-2597-4933-B317-C71728AD943F}.Development Editor|Win64.ActiveCfg = Development_Editor|x64
		{A6260668-2597-4933-B317-C71728AD943F}.Development Editor|Win64.Build.0 = Development_Editor|x64
		{A6260668-2597-4933-B317-C71728AD943F}.Development|HTML5.ActiveCfg = Development|Win32
		{A6260668-2597-4933-B317-C71728AD943F}.Development|IOS.ActiveCfg = Development|Win32
		{A6260668-2597-4933-B317-C71728AD943F}.Development|Win32.ActiveCfg = Development|Win32
		{A6260668-2597-4933-B317-C71728AD943F}.Development|Win32.Build.0 = Development|Win32
		{A6260668-2597-4933-B317-C71728AD943F}.Development|Win64.ActiveCfg = Development|x64
		{A6260668-2597-4933-B317-C71728AD943F}.Development|Win64.Build.0 = Development|x64
		{A6260668-2597-4933-B317-C71728AD943F}.Shipping|HTML5.ActiveCfg = Shipping|Win32
		{A6260668-2597-4933-B317-C71728AD943F}.Shipping|IOS.ActiveCfg = Shipping|Win32
		{A6260668-2597-4933-B317-C71728AD943F}.Shipping|Win32.ActiveCfg = Shipping|Win32
		{A6260668-2597-4933-B317-C71728AD943F}.Shipping|Win32.Build.0 = Shipping|Win32
		{A6260668-2597-4933-B317-C71728AD943F}.Shipping|Win64.ActiveCfg = Shipping|x64
		{A6260668-2597-4933-B317-C71728AD943F}.Shipping|Win64.Build.0 = Shipping|x64
	EndGlobalSection
	GlobalSection(SolutionProperties) = preSolution
		HideSolutionNode = FALSE
	EndGlobalSection
	GlobalSection(NestedProjects) = preSolution
		{2BB3F801-85EF-4D85-8014-B828DBA5C507} = {0DC88213-C30D-4849-979D-ADAEDCD99FEC}
		{A6260668-2597-4933-B317-C71728AD943F} = {1EB400D3-D0C9-4E9E-B79F-02980CA5BCE3}
	EndGlobalSection
	GlobalSection(ExtensibilityGlobals) = postSolution
		SolutionGuid = {D6D7CC83-9C2A-49CA-A00F-EFE6E91EE35F}
	EndGlobalSection
EndGlobal
